
Microsoft Visual Studio Solution File, Format Version 12.00
# Visual Studio 2012
Project("{FAE04EC0-301F-11D3-BF4B-00C04F79EFBC}") = "Solver", "Solver\Solver.csproj", "{BC3D6741-3163-4340-99B9-41E161F2D269}"
EndProject
Project("{FAE04EC0-301F-11D3-BF4B-00C04F79EFBC}") = "TestUnit", "UnitTestProject1\TestUnit.csproj", "{94CA72C0-D78E-4937-AD20-C4CABC903F52}"
EndProject
Global
	GlobalSection(SolutionConfigurationPlatforms) = preSolution
		Debug|Any CPU = Debug|Any CPU
		Release|Any CPU = Release|Any CPU
	EndGlobalSection
	GlobalSection(ProjectConfigurationPlatforms) = postSolution
		{BC3D6741-3163-4340-99B9-41E161F2D269}.Debug|Any CPU.ActiveCfg = Debug|Any CPU
		{BC3D6741-3163-4340-99B9-41E161F2D269}.Debug|Any CPU.Build.0 = Debug|Any CPU
		{BC3D6741-3163-4340-99B9-41E161F2D269}.Release|Any CPU.ActiveCfg = Release|Any CPU
		{BC3D6741-3163-4340-99B9-41E161F2D269}.Release|Any CPU.Build.0 = Release|Any CPU
		{94CA72C0-D78E-4937-AD20-C4CABC903F52}.Debug|Any CPU.ActiveCfg = Debug|Any CPU
		{94CA72C0-D78E-4937-AD20-C4CABC903F52}.Debug|Any CPU.Build.0 = Debug|Any CPU
		{94CA72C0-D78E-4937-AD20-C4CABC903F52}.Release|Any CPU.ActiveCfg = Release|Any CPU
		{94CA72C0-D78E-4937-AD20-C4CABC903F52}.Release|Any CPU.Build.0 = Release|Any CPU
	EndGlobalSection
	GlobalSection(SolutionProperties) = preSolution
		HideSolutionNode = FALSE
	EndGlobalSection
EndGlobal
